
Microsoft Visual Studio Solution File, Format Version 12.00
# Visual Studio Version 16
VisualStudioVersion = 16.0.30114.105
MinimumVisualStudioVersion = 10.0.40219.1
Project("{FAE04EC0-301F-11D3-BF4B-00C04F79EFBC}") = "Snuggle.Core", "Snuggle.Core\Snuggle.Core.csproj", "{A9C5FAE9-A1AB-4CBF-9FA8-C4B5573BDED5}"
EndProject
Project("{FAE04EC0-301F-11D3-BF4B-00C04F79EFBC}") = "Snuggle", "Snuggle\Snuggle.csproj", "{E94BC594-FBF0-41C8-B2BE-06284880E51C}"
EndProject
Project("{FAE04EC0-301F-11D3-BF4B-00C04F79EFBC}") = "Snuggle.Converters", "Snuggle.Converters\Snuggle.Converters.csproj", "{1ACEB8FC-F643-4583-9E69-BE38ED00AD5A}"
EndProject
Project("{FAE04EC0-301F-11D3-BF4B-00C04F79EFBC}") = "Snuggle.Headless", "Snuggle.Headless\Snuggle.Headless.csproj", "{7BDAD5C2-EB28-4255-9B0C-CAA833E3E650}"
EndProject
Project("{FAE04EC0-301F-11D3-BF4B-00C04F79EFBC}") = "Snuggle.glTF", "Snuggle.glTF\Snuggle.glTF.csproj", "{BFC08112-A133-42B6-B830-5E49E653ACFE}"
EndProject
Project("{FAE04EC0-301F-11D3-BF4B-00C04F79EFBC}") = "Snuggle.UnityCs", "Snuggle.UnityCs\Snuggle.UnityCs.csproj", "{C68F1E94-2218-402F-909B-8B83182B56EB}"
EndProject
Project("{FAE04EC0-301F-11D3-BF4B-00C04F79EFBC}") = "TextureDecoder", "Library\TextureDecoder\AssetRipper.TextureDecoder\AssetRipper.TextureDecoder.csproj", "{CCF7055B-747D-4AFB-80EB-B7F91BF33798}"
EndProject
Project("{FAE04EC0-301F-11D3-BF4B-00C04F79EFBC}") = "DragonLib", "Library\DragonLib\DragonLib\DragonLib.csproj", "{FC577977-E161-484F-BBC6-F2ED835F90C6}"
EndProject
Project("{2150E333-8FDC-42A3-9474-1A3956D46DE8}") = "Libraries", "Libraries", "{4D13CF78-F8E3-4C24-9265-9780B027B2F2}"
EndProject
Project("{2150E333-8FDC-42A3-9474-1A3956D46DE8}") = "Repository", "Repository", "{5EACB720-C9AF-46B4-9C2A-B576BC1044D7}"
	ProjectSection(SolutionItems) = preProject
		ATTRIBUTION.txt = ATTRIBUTION.txt
		dotnet.yml = .github/workflows/dotnet.yml
		.editorconfig = .editorconfig
		LICENSE = LICENSE
		README.md = README.md
	EndProjectSection
EndProject
Global
	GlobalSection(SolutionConfigurationPlatforms) = preSolution
		Debug|Any CPU = Debug|Any CPU
		Release|Any CPU = Release|Any CPU
	EndGlobalSection
	GlobalSection(SolutionProperties) = preSolution
		HideSolutionNode = FALSE
	EndGlobalSection
	GlobalSection(ProjectConfigurationPlatforms) = postSolution
		{E94BC594-FBF0-41C8-B2BE-06284880E51C}.Debug|Any CPU.ActiveCfg = Debug|Any CPU
		{E94BC594-FBF0-41C8-B2BE-06284880E51C}.Debug|Any CPU.Build.0 = Debug|Any CPU
		{E94BC594-FBF0-41C8-B2BE-06284880E51C}.Release|Any CPU.ActiveCfg = Release|Any CPU
		{E94BC594-FBF0-41C8-B2BE-06284880E51C}.Release|Any CPU.Build.0 = Release|Any CPU
		{A9C5FAE9-A1AB-4CBF-9FA8-C4B5573BDED5}.Debug|Any CPU.ActiveCfg = Debug|Any CPU
		{A9C5FAE9-A1AB-4CBF-9FA8-C4B5573BDED5}.Debug|Any CPU.Build.0 = Debug|Any CPU
		{A9C5FAE9-A1AB-4CBF-9FA8-C4B5573BDED5}.Release|Any CPU.ActiveCfg = Release|Any CPU
		{A9C5FAE9-A1AB-4CBF-9FA8-C4B5573BDED5}.Release|Any CPU.Build.0 = Release|Any CPU
		{1ACEB8FC-F643-4583-9E69-BE38ED00AD5A}.Debug|Any CPU.ActiveCfg = Debug|Any CPU
		{1ACEB8FC-F643-4583-9E69-BE38ED00AD5A}.Debug|Any CPU.Build.0 = Debug|Any CPU
		{1ACEB8FC-F643-4583-9E69-BE38ED00AD5A}.Release|Any CPU.ActiveCfg = Release|Any CPU
		{1ACEB8FC-F643-4583-9E69-BE38ED00AD5A}.Release|Any CPU.Build.0 = Release|Any CPU
		{7BDAD5C2-EB28-4255-9B0C-CAA833E3E650}.Debug|Any CPU.ActiveCfg = Debug|Any CPU
		{7BDAD5C2-EB28-4255-9B0C-CAA833E3E650}.Debug|Any CPU.Build.0 = Debug|Any CPU
		{7BDAD5C2-EB28-4255-9B0C-CAA833E3E650}.Release|Any CPU.ActiveCfg = Release|Any CPU
		{7BDAD5C2-EB28-4255-9B0C-CAA833E3E650}.Release|Any CPU.Build.0 = Release|Any CPU
		{BFC08112-A133-42B6-B830-5E49E653ACFE}.Debug|Any CPU.ActiveCfg = Debug|Any CPU
		{BFC08112-A133-42B6-B830-5E49E653ACFE}.Debug|Any CPU.Build.0 = Debug|Any CPU
		{BFC08112-A133-42B6-B830-5E49E653ACFE}.Release|Any CPU.ActiveCfg = Release|Any CPU
		{BFC08112-A133-42B6-B830-5E49E653ACFE}.Release|Any CPU.Build.0 = Release|Any CPU
		{C68F1E94-2218-402F-909B-8B83182B56EB}.Debug|Any CPU.ActiveCfg = Debug|Any CPU
		{C68F1E94-2218-402F-909B-8B83182B56EB}.Debug|Any CPU.Build.0 = Debug|Any CPU
		{C68F1E94-2218-402F-909B-8B83182B56EB}.Release|Any CPU.ActiveCfg = Release|Any CPU
		{C68F1E94-2218-402F-909B-8B83182B56EB}.Release|Any CPU.Build.0 = Release|Any CPU
		{CCF7055B-747D-4AFB-80EB-B7F91BF33798}.Debug|Any CPU.ActiveCfg = Debug|Any CPU
		{CCF7055B-747D-4AFB-80EB-B7F91BF33798}.Debug|Any CPU.Build.0 = Debug|Any CPU
		{CCF7055B-747D-4AFB-80EB-B7F91BF33798}.Release|Any CPU.ActiveCfg = Release|Any CPU
		{CCF7055B-747D-4AFB-80EB-B7F91BF33798}.Release|Any CPU.Build.0 = Release|Any CPU
		{FC577977-E161-484F-BBC6-F2ED835F90C6}.Debug|Any CPU.ActiveCfg = Debug|Any CPU
		{FC577977-E161-484F-BBC6-F2ED835F90C6}.Debug|Any CPU.Build.0 = Debug|Any CPU
		{FC577977-E161-484F-BBC6-F2ED835F90C6}.Release|Any CPU.ActiveCfg = Release|Any CPU
		{FC577977-E161-484F-BBC6-F2ED835F90C6}.Release|Any CPU.Build.0 = Release|Any CPU
	EndGlobalSection
	GlobalSection(NestedProjects) = preSolution
		{CCF7055B-747D-4AFB-80EB-B7F91BF33798} = {4D13CF78-F8E3-4C24-9265-9780B027B2F2}
		{FC577977-E161-484F-BBC6-F2ED835F90C6} = {4D13CF78-F8E3-4C24-9265-9780B027B2F2}
	EndGlobalSection
	GlobalSection(ExtensibilityGlobals) = postSolution
		SolutionGuid = {3C074481-9CDD-4780-B9F6-57BBC5092EA2}
	EndGlobalSection
EndGlobal
